
Microsoft Visual Studio Solution File, Format Version 12.00
# Visual Studio Version 17
VisualStudioVersion = 17.3.32929.385
MinimumVisualStudioVersion = 10.0.40219.1
Project("{FAE04EC0-301F-11D3-BF4B-00C04F79EFBC}") = "StencilToGCode", "StencilToGCode\StencilToGCode.csproj", "{F9BB172A-B059-4745-8352-EA73797563AE}"
EndProject
Global
	GlobalSection(SolutionConfigurationPlatforms) = preSolution
		Debug|Any CPU = Debug|Any CPU
		Release|Any CPU = Release|Any CPU
	EndGlobalSection
	GlobalSection(ProjectConfigurationPlatforms) = postSolution
		{F9BB172A-B059-4745-8352-EA73797563AE}.Debug|Any CPU.ActiveCfg = Debug|Any CPU
		{F9BB172A-B059-4745-8352-EA73797563AE}.Debug|Any CPU.Build.0 = Debug|Any CPU
		{F9BB172A-B059-4745-8352-EA73797563AE}.Release|Any CPU.ActiveCfg = Release|Any CPU
		{F9BB172A-B059-4745-8352-EA73797563AE}.Release|Any CPU.Build.0 = Release|Any CPU
	EndGlobalSection
	GlobalSection(SolutionProperties) = preSolution
		HideSolutionNode = FALSE
	EndGlobalSection
	GlobalSection(ExtensibilityGlobals) = postSolution
		SolutionGuid = {14B3E118-0422-417F-8C0A-18DBADA252F7}
	EndGlobalSection
EndGlobal
